
Microsoft Visual Studio Solution File, Format Version 12.00
# Visual Studio Version 17
VisualStudioVersion = 17.9.34902.65
MinimumVisualStudioVersion = 10.0.40219.1
Project("{2150E333-8FDC-42A3-9474-1A3956D46DE8}") = "src", "src", "{73CB123E-916E-411E-87BE-326ED1F82DA4}"
EndProject
Project("{2150E333-8FDC-42A3-9474-1A3956D46DE8}") = "tests", "tests", "{5A281DB8-E443-40EB-A842-49CC2C15E64C}"
EndProject
Project("{9A19103F-16F7-4668-BE54-9A1E7A4F7556}") = "AndOS.Application", "src\AndOS.Application\AndOS.Application.csproj", "{80BAD289-1908-423B-A5D1-2206DD964875}"
EndProject
Project("{9A19103F-16F7-4668-BE54-9A1E7A4F7556}") = "AndOS.Domain", "src\AndOS.Domain\AndOS.Domain.csproj", "{2FCAC2CE-FDC0-450D-A9B8-66073F4EEE83}"
EndProject
Project("{9A19103F-16F7-4668-BE54-9A1E7A4F7556}") = "AndOS.Infrastructure", "src\AndOS.Infrastructure\AndOS.Infrastructure.csproj", "{54EFCF86-0AAD-47F6-8727-C7E327484425}"
EndProject
Project("{9A19103F-16F7-4668-BE54-9A1E7A4F7556}") = "AndOS.Web", "src\AndOS.Web\AndOS.Web.csproj", "{17840D22-DB28-4903-9F50-E835F885A562}"
EndProject
Project("{2150E333-8FDC-42A3-9474-1A3956D46DE8}") = "Modules", "Modules", "{623D9FC5-5714-4D0B-BD0E-5CE7B944D335}"
EndProject
Project("{9A19103F-16F7-4668-BE54-9A1E7A4F7556}") = "AndOS.Module.Example", "src\Modules\AndOS.Module.Example\AndOS.Module.Example.csproj", "{8A7DAB52-3F08-4F3A-887C-4BB1B0B90C95}"
EndProject
Project("{9A19103F-16F7-4668-BE54-9A1E7A4F7556}") = "AndOS.Module.FileExplorer", "src\Modules\AndOS.Module.FileExplorer\AndOS.Module.FileExplorer.csproj", "{8CBE2686-2E50-4358-943E-42E9079AB22E}"
EndProject
Project("{9A19103F-16F7-4668-BE54-9A1E7A4F7556}") = "AndOS.Module.Notepad", "src\Modules\AndOS.Module.Notepad\AndOS.Module.Notepad.csproj", "{F58FAED9-A97F-4681-A6EA-83EDED9F610A}"
EndProject
Project("{9A19103F-16F7-4668-BE54-9A1E7A4F7556}") = "AndOS.Module.UserConfiguration", "src\Modules\AndOS.Module.UserConfiguration\AndOS.Module.UserConfiguration.csproj", "{A7483B00-0572-473F-8C74-EBE555932CFF}"
EndProject
Project("{FAE04EC0-301F-11D3-BF4B-00C04F79EFBC}") = "AndOS.Module.VideoPlayer", "src\Modules\AndOS.Module.VideoPlayer\AndOS.Module.VideoPlayer.csproj", "{FE982E51-CBDF-48B1-92B8-C98C9E9CD980}"
EndProject
Project("{FAE04EC0-301F-11D3-BF4B-00C04F79EFBC}") = "AndOS.Module.MusicPlayer", "src\Modules\AndOS.Module.MusicPlayer\AndOS.Module.MusicPlayer.csproj", "{EB9455B5-6B44-4386-B57D-6A3C7C7CE1D5}"
EndProject
Global
	GlobalSection(SolutionConfigurationPlatforms) = preSolution
		Debug|Any CPU = Debug|Any CPU
		Release|Any CPU = Release|Any CPU
	EndGlobalSection
	GlobalSection(ProjectConfigurationPlatforms) = postSolution
		{80BAD289-1908-423B-A5D1-2206DD964875}.Debug|Any CPU.ActiveCfg = Debug|Any CPU
		{80BAD289-1908-423B-A5D1-2206DD964875}.Debug|Any CPU.Build.0 = Debug|Any CPU
		{80BAD289-1908-423B-A5D1-2206DD964875}.Release|Any CPU.ActiveCfg = Release|Any CPU
		{80BAD289-1908-423B-A5D1-2206DD964875}.Release|Any CPU.Build.0 = Release|Any CPU
		{2FCAC2CE-FDC0-450D-A9B8-66073F4EEE83}.Debug|Any CPU.ActiveCfg = Debug|Any CPU
		{2FCAC2CE-FDC0-450D-A9B8-66073F4EEE83}.Debug|Any CPU.Build.0 = Debug|Any CPU
		{2FCAC2CE-FDC0-450D-A9B8-66073F4EEE83}.Release|Any CPU.ActiveCfg = Release|Any CPU
		{2FCAC2CE-FDC0-450D-A9B8-66073F4EEE83}.Release|Any CPU.Build.0 = Release|Any CPU
		{54EFCF86-0AAD-47F6-8727-C7E327484425}.Debug|Any CPU.ActiveCfg = Debug|Any CPU
		{54EFCF86-0AAD-47F6-8727-C7E327484425}.Debug|Any CPU.Build.0 = Debug|Any CPU
		{54EFCF86-0AAD-47F6-8727-C7E327484425}.Release|Any CPU.ActiveCfg = Release|Any CPU
		{54EFCF86-0AAD-47F6-8727-C7E327484425}.Release|Any CPU.Build.0 = Release|Any CPU
		{17840D22-DB28-4903-9F50-E835F885A562}.Debug|Any CPU.ActiveCfg = Debug|Any CPU
		{17840D22-DB28-4903-9F50-E835F885A562}.Debug|Any CPU.Build.0 = Debug|Any CPU
		{17840D22-DB28-4903-9F50-E835F885A562}.Release|Any CPU.ActiveCfg = Release|Any CPU
		{17840D22-DB28-4903-9F50-E835F885A562}.Release|Any CPU.Build.0 = Release|Any CPU
		{8A7DAB52-3F08-4F3A-887C-4BB1B0B90C95}.Debug|Any CPU.ActiveCfg = Debug|Any CPU
		{8A7DAB52-3F08-4F3A-887C-4BB1B0B90C95}.Debug|Any CPU.Build.0 = Debug|Any CPU
		{8A7DAB52-3F08-4F3A-887C-4BB1B0B90C95}.Release|Any CPU.ActiveCfg = Release|Any CPU
		{8A7DAB52-3F08-4F3A-887C-4BB1B0B90C95}.Release|Any CPU.Build.0 = Release|Any CPU
		{8CBE2686-2E50-4358-943E-42E9079AB22E}.Debug|Any CPU.ActiveCfg = Debug|Any CPU
		{8CBE2686-2E50-4358-943E-42E9079AB22E}.Debug|Any CPU.Build.0 = Debug|Any CPU
		{8CBE2686-2E50-4358-943E-42E9079AB22E}.Release|Any CPU.ActiveCfg = Release|Any CPU
		{8CBE2686-2E50-4358-943E-42E9079AB22E}.Release|Any CPU.Build.0 = Release|Any CPU
		{F58FAED9-A97F-4681-A6EA-83EDED9F610A}.Debug|Any CPU.ActiveCfg = Debug|Any CPU
		{F58FAED9-A97F-4681-A6EA-83EDED9F610A}.Debug|Any CPU.Build.0 = Debug|Any CPU
		{F58FAED9-A97F-4681-A6EA-83EDED9F610A}.Release|Any CPU.ActiveCfg = Release|Any CPU
		{F58FAED9-A97F-4681-A6EA-83EDED9F610A}.Release|Any CPU.Build.0 = Release|Any CPU
		{A7483B00-0572-473F-8C74-EBE555932CFF}.Debug|Any CPU.ActiveCfg = Debug|Any CPU
		{A7483B00-0572-473F-8C74-EBE555932CFF}.Debug|Any CPU.Build.0 = Debug|Any CPU
		{A7483B00-0572-473F-8C74-EBE555932CFF}.Release|Any CPU.ActiveCfg = Release|Any CPU
		{A7483B00-0572-473F-8C74-EBE555932CFF}.Release|Any CPU.Build.0 = Release|Any CPU
		{FE982E51-CBDF-48B1-92B8-C98C9E9CD980}.Debug|Any CPU.ActiveCfg = Debug|Any CPU
		{FE982E51-CBDF-48B1-92B8-C98C9E9CD980}.Debug|Any CPU.Build.0 = Debug|Any CPU
		{FE982E51-CBDF-48B1-92B8-C98C9E9CD980}.Release|Any CPU.ActiveCfg = Release|Any CPU
		{FE982E51-CBDF-48B1-92B8-C98C9E9CD980}.Release|Any CPU.Build.0 = Release|Any CPU
		{EB9455B5-6B44-4386-B57D-6A3C7C7CE1D5}.Debug|Any CPU.ActiveCfg = Debug|Any CPU
		{EB9455B5-6B44-4386-B57D-6A3C7C7CE1D5}.Debug|Any CPU.Build.0 = Debug|Any CPU
		{EB9455B5-6B44-4386-B57D-6A3C7C7CE1D5}.Release|Any CPU.ActiveCfg = Release|Any CPU
		{EB9455B5-6B44-4386-B57D-6A3C7C7CE1D5}.Release|Any CPU.Build.0 = Release|Any CPU
	EndGlobalSection
	GlobalSection(SolutionProperties) = preSolution
		HideSolutionNode = FALSE
	EndGlobalSection
	GlobalSection(NestedProjects) = preSolution
		{80BAD289-1908-423B-A5D1-2206DD964875} = {73CB123E-916E-411E-87BE-326ED1F82DA4}
		{2FCAC2CE-FDC0-450D-A9B8-66073F4EEE83} = {73CB123E-916E-411E-87BE-326ED1F82DA4}
		{54EFCF86-0AAD-47F6-8727-C7E327484425} = {73CB123E-916E-411E-87BE-326ED1F82DA4}
		{17840D22-DB28-4903-9F50-E835F885A562} = {73CB123E-916E-411E-87BE-326ED1F82DA4}
		{623D9FC5-5714-4D0B-BD0E-5CE7B944D335} = {73CB123E-916E-411E-87BE-326ED1F82DA4}
		{8A7DAB52-3F08-4F3A-887C-4BB1B0B90C95} = {623D9FC5-5714-4D0B-BD0E-5CE7B944D335}
		{8CBE2686-2E50-4358-943E-42E9079AB22E} = {623D9FC5-5714-4D0B-BD0E-5CE7B944D335}
		{F58FAED9-A97F-4681-A6EA-83EDED9F610A} = {623D9FC5-5714-4D0B-BD0E-5CE7B944D335}
		{A7483B00-0572-473F-8C74-EBE555932CFF} = {623D9FC5-5714-4D0B-BD0E-5CE7B944D335}
		{FE982E51-CBDF-48B1-92B8-C98C9E9CD980} = {623D9FC5-5714-4D0B-BD0E-5CE7B944D335}
		{EB9455B5-6B44-4386-B57D-6A3C7C7CE1D5} = {623D9FC5-5714-4D0B-BD0E-5CE7B944D335}
	EndGlobalSection
	GlobalSection(ExtensibilityGlobals) = postSolution
		SolutionGuid = {3BD5FF06-80B0-4CFF-A211-C82E14282395}
	EndGlobalSection
EndGlobal
